// !$*UTF8*$!
{
	archiveVersion = 1;
	classes = {
	};
	objectVersion = 50;
	objects = {

/* Begin PBXBuildFile section */
		755CE77822049A3D007BC8AE /* Timer.cpp in Sources */ = {isa = PBXBuildFile; fileRef = 755CE77622049A3D007BC8AE /* Timer.cpp */; };
		756CECCE21FF5DB8008A1819 /* Controller.cpp in Sources */ = {isa = PBXBuildFile; fileRef = 756CECCC21FF5DB8008A1819 /* Controller.cpp */; };
		756CECD021FF5EB8008A1819 /* Runner.cpp in Sources */ = {isa = PBXBuildFile; fileRef = 756CECCF21FF5EB8008A1819 /* Runner.cpp */; };
/* End PBXBuildFile section */

/* Begin PBXCopyFilesBuildPhase section */
		756CECBC21FF5C74008A1819 /* CopyFiles */ = {
			isa = PBXCopyFilesBuildPhase;
			buildActionMask = 2147483647;
			dstPath = /usr/share/man/man1/;
			dstSubfolderSpec = 0;
			files = (
			);
			runOnlyForDeploymentPostprocessing = 1;
		};
/* End PBXCopyFilesBuildPhase section */

/* Begin PBXFileReference section */
		755CE77622049A3D007BC8AE /* Timer.cpp */ = {isa = PBXFileReference; lastKnownFileType = sourcecode.cpp.cpp; path = Timer.cpp; sourceTree = "<group>"; };
		755CE77722049A3D007BC8AE /* Timer.hpp */ = {isa = PBXFileReference; lastKnownFileType = sourcecode.cpp.h; path = Timer.hpp; sourceTree = "<group>"; };
		756CECBE21FF5C74008A1819 /* DataStructures */ = {isa = PBXFileReference; explicitFileType = "compiled.mach-o.executable"; includeInIndex = 0; path = DataStructures; sourceTree = BUILT_PRODUCTS_DIR; };
		756CECCC21FF5DB8008A1819 /* Controller.cpp */ = {isa = PBXFileReference; lastKnownFileType = sourcecode.cpp.cpp; path = Controller.cpp; sourceTree = "<group>"; };
		756CECCD21FF5DB8008A1819 /* Controller.hpp */ = {isa = PBXFileReference; lastKnownFileType = sourcecode.cpp.h; path = Controller.hpp; sourceTree = "<group>"; };
		756CECCF21FF5EB8008A1819 /* Runner.cpp */ = {isa = PBXFileReference; lastKnownFileType = sourcecode.cpp.cpp; path = Runner.cpp; sourceTree = "<group>"; };
		756CECD121FF5F30008A1819 /* Node umlet.png */ = {isa = PBXFileReference; lastKnownFileType = image.png; name = "Node umlet.png"; path = "../../../../../Desktop/Node umlet.png"; sourceTree = "<group>"; };
		756CECD221FF6116008A1819 /* Node.hpp */ = {isa = PBXFileReference; lastKnownFileType = sourcecode.cpp.h; path = Node.hpp; sourceTree = "<group>"; };
		7572EC442201F8C500699603 /* LinearNode.hpp */ = {isa = PBXFileReference; lastKnownFileType = sourcecode.cpp.h; path = LinearNode.hpp; sourceTree = "<group>"; };
		7572EC462202063900699603 /* Array.hpp */ = {isa = PBXFileReference; lastKnownFileType = sourcecode.cpp.h; path = Array.hpp; sourceTree = "<group>"; };
/* End PBXFileReference section */

/* Begin PBXFrameworksBuildPhase section */
		756CECBB21FF5C74008A1819 /* Frameworks */ = {
			isa = PBXFrameworksBuildPhase;
			buildActionMask = 2147483647;
			files = (
			);
			runOnlyForDeploymentPostprocessing = 0;
		};
/* End PBXFrameworksBuildPhase section */

/* Begin PBXGroup section */
		755CE77522049A0E007BC8AE /* Tools */ = {
			isa = PBXGroup;
			children = (
				755CE77622049A3D007BC8AE /* Timer.cpp */,
				755CE77722049A3D007BC8AE /* Timer.hpp */,
			);
			path = Tools;
			sourceTree = "<group>";
		};
		756CECB521FF5C74008A1819 = {
			isa = PBXGroup;
			children = (
				756CECC021FF5C74008A1819 /* DataStructures */,
				756CECBF21FF5C74008A1819 /* Products */,
			);
			sourceTree = "<group>";
		};
		756CECBF21FF5C74008A1819 /* Products */ = {
			isa = PBXGroup;
			children = (
				756CECBE21FF5C74008A1819 /* DataStructures */,
			);
			name = Products;
			sourceTree = "<group>";
		};
		756CECC021FF5C74008A1819 /* DataStructures */ = {
			isa = PBXGroup;
			children = (
				755CE77522049A0E007BC8AE /* Tools */,
				756CECCB21FF5D1E008A1819 /* Resouces */,
				756CECC821FF5CAC008A1819 /* Diagrams */,
				756CECCA21FF5CD0008A1819 /* Controller */,
				756CECC921FF5CBA008A1819 /* Model */,
			);
			path = DataStructures;
			sourceTree = "<group>";
		};
		756CECC821FF5CAC008A1819 /* Diagrams */ = {
			isa = PBXGroup;
			children = (
				756CECD121FF5F30008A1819 /* Node umlet.png */,
			);
			path = Diagrams;
			sourceTree = "<group>";
		};
		756CECC921FF5CBA008A1819 /* Model */ = {
			isa = PBXGroup;
			children = (
				7572EC45220205F600699603 /* Linear */,
				7572EC432201EF2500699603 /* Nodes */,
			);
			path = Model;
			sourceTree = "<group>";
		};
		756CECCA21FF5CD0008A1819 /* Controller */ = {
			isa = PBXGroup;
			children = (
				756CECCC21FF5DB8008A1819 /* Controller.cpp */,
				756CECCD21FF5DB8008A1819 /* Controller.hpp */,
				756CECCF21FF5EB8008A1819 /* Runner.cpp */,
			);
			path = Controller;
			sourceTree = "<group>";
		};
		756CECCB21FF5D1E008A1819 /* Resouces */ = {
			isa = PBXGroup;
			children = (
			);
			path = Resouces;
			sourceTree = "<group>";
		};
		7572EC432201EF2500699603 /* Nodes */ = {
			isa = PBXGroup;
			children = (
				756CECD221FF6116008A1819 /* Node.hpp */,
				7572EC442201F8C500699603 /* LinearNode.hpp */,
			);
			path = Nodes;
			sourceTree = "<group>";
		};
		7572EC45220205F600699603 /* Linear */ = {
			isa = PBXGroup;
			children = (
				7572EC462202063900699603 /* Array.hpp */,
			);
			path = Linear;
			sourceTree = "<group>";
		};
/* End PBXGroup section */

/* Begin PBXNativeTarget section */
		756CECBD21FF5C74008A1819 /* DataStructures */ = {
			isa = PBXNativeTarget;
			buildConfigurationList = 756CECC521FF5C74008A1819 /* Build configuration list for PBXNativeTarget "DataStructures" */;
			buildPhases = (
				756CECBA21FF5C74008A1819 /* Sources */,
				756CECBB21FF5C74008A1819 /* Frameworks */,
				756CECBC21FF5C74008A1819 /* CopyFiles */,
			);
			buildRules = (
			);
			dependencies = (
			);
			name = DataStructures;
			productName = DataStructures;
			productReference = 756CECBE21FF5C74008A1819 /* DataStructures */;
			productType = "com.apple.product-type.tool";
		};
/* End PBXNativeTarget section */

/* Begin PBXProject section */
		756CECB621FF5C74008A1819 /* Project object */ = {
			isa = PBXProject;
			attributes = {
				LastUpgradeCheck = 0940;
				ORGANIZATIONNAME = CTEC;
				TargetAttributes = {
					756CECBD21FF5C74008A1819 = {
						CreatedOnToolsVersion = 9.4.1;
					};
				};
			};
			buildConfigurationList = 756CECB921FF5C74008A1819 /* Build configuration list for PBXProject "DataStructures" */;
			compatibilityVersion = "Xcode 9.3";
			developmentRegion = en;
			hasScannedForEncodings = 0;
			knownRegions = (
				en,
			);
			mainGroup = 756CECB521FF5C74008A1819;
			productRefGroup = 756CECBF21FF5C74008A1819 /* Products */;
			projectDirPath = "";
			projectRoot = "";
			targets = (
				756CECBD21FF5C74008A1819 /* DataStructures */,
			);
		};
/* End PBXProject section */

/* Begin PBXSourcesBuildPhase section */
		756CECBA21FF5C74008A1819 /* Sources */ = {
			isa = PBXSourcesBuildPhase;
			buildActionMask = 2147483647;
			files = (
				755CE77822049A3D007BC8AE /* Timer.cpp in Sources */,
				756CECD021FF5EB8008A1819 /* Runner.cpp in Sources */,
				756CECCE21FF5DB8008A1819 /* Controller.cpp in Sources */,
			);
			runOnlyForDeploymentPostprocessing = 0;
		};
/* End PBXSourcesBuildPhase section */

/* Begin XCBuildConfiguration section */
		756CECC321FF5C74008A1819 /* Debug */ = {
			isa = XCBuildConfiguration;
			buildSettings = {
				ALWAYS_SEARCH_USER_PATHS = NO;
				CLANG_ANALYZER_NONNULL = YES;
				CLANG_ANALYZER_NUMBER_OBJECT_CONVERSION = YES_AGGRESSIVE;
				CLANG_CXX_LANGUAGE_STANDARD = "gnu++14";
				CLANG_CXX_LIBRARY = "libc++";
				CLANG_ENABLE_MODULES = YES;
				CLANG_ENABLE_OBJC_ARC = YES;
				CLANG_ENABLE_OBJC_WEAK = YES;
				CLANG_WARN_BLOCK_CAPTURE_AUTORELEASING = YES;
				CLANG_WARN_BOOL_CONVERSION = YES;
				CLANG_WARN_COMMA = YES;
				CLANG_WARN_CONSTANT_CONVERSION = YES;
				CLANG_WARN_DEPRECATED_OBJC_IMPLEMENTATIONS = YES;
				CLANG_WARN_DIRECT_OBJC_ISA_USAGE = YES_ERROR;
				CLANG_WARN_DOCUMENTATION_COMMENTS = YES;
				CLANG_WARN_EMPTY_BODY = YES;
				CLANG_WARN_ENUM_CONVERSION = YES;
				CLANG_WARN_INFINITE_RECURSION = YES;
				CLANG_WARN_INT_CONVERSION = YES;
				CLANG_WARN_NON_LITERAL_NULL_CONVERSION = YES;
				CLANG_WARN_OBJC_IMPLICIT_RETAIN_SELF = YES;
				CLANG_WARN_OBJC_LITERAL_CONVERSION = YES;
				CLANG_WARN_OBJC_ROOT_CLASS = YES_ERROR;
				CLANG_WARN_RANGE_LOOP_ANALYSIS = YES;
				CLANG_WARN_STRICT_PROTOTYPES = YES;
				CLANG_WARN_SUSPICIOUS_MOVE = YES;
				CLANG_WARN_UNGUARDED_AVAILABILITY = YES_AGGRESSIVE;
				CLANG_WARN_UNREACHABLE_CODE = YES;
				CLANG_WARN__DUPLICATE_METHOD_MATCH = YES;
				CODE_SIGN_IDENTITY = "-";
				COPY_PHASE_STRIP = NO;
				DEBUG_INFORMATION_FORMAT = dwarf;
				ENABLE_STRICT_OBJC_MSGSEND = YES;
				ENABLE_TESTABILITY = YES;
				GCC_C_LANGUAGE_STANDARD = gnu11;
				GCC_DYNAMIC_NO_PIC = NO;
				GCC_NO_COMMON_BLOCKS = YES;
				GCC_OPTIMIZATION_LEVEL = 0;
				GCC_PREPROCESSOR_DEFINITIONS = (
					"DEBUG=1",
					"$(inherited)",
				);
				GCC_WARN_64_TO_32_BIT_CONVERSION = YES;
				GCC_WARN_ABOUT_RETURN_TYPE = YES_ERROR;
				GCC_WARN_UNDECLARED_SELECTOR = YES;
				GCC_WARN_UNINITIALIZED_AUTOS = YES_AGGRESSIVE;
				GCC_WARN_UNUSED_FUNCTION = YES;
				GCC_WARN_UNUSED_VARIABLE = YES;
				MACOSX_DEPLOYMENT_TARGET = 10.13;
				MTL_ENABLE_DEBUG_INFO = YES;
				ONLY_ACTIVE_ARCH = YES;
				SDKROOT = macosx;
			};
			name = Debug;
		};
		756CECC421FF5C74008A1819 /* Release */ = {
			isa = XCBuildConfiguration;
			buildSettings = {
				ALWAYS_SEARCH_USER_PATHS = NO;
				CLANG_ANALYZER_NONNULL = YES;
				CLANG_ANALYZER_NUMBER_OBJECT_CONVERSION = YES_AGGRESSIVE;
				CLANG_CXX_LANGUAGE_STANDARD = "gnu++14";
				CLANG_CXX_LIBRARY = "libc++";
				CLANG_ENABLE_MODULES = YES;
				CLANG_ENABLE_OBJC_ARC = YES;
				CLANG_ENABLE_OBJC_WEAK = YES;
				CLANG_WARN_BLOCK_CAPTURE_AUTORELEASING = YES;
				CLANG_WARN_BOOL_CONVERSION = YES;
				CLANG_WARN_COMMA = YES;
				CLANG_WARN_CONSTANT_CONVERSION = YES;
				CLANG_WARN_DEPRECATED_OBJC_IMPLEMENTATIONS = YES;
				CLANG_WARN_DIRECT_OBJC_ISA_USAGE = YES_ERROR;
				CLANG_WARN_DOCUMENTATION_COMMENTS = YES;
				CLANG_WARN_EMPTY_BODY = YES;
				CLANG_WARN_ENUM_CONVERSION = YES;
				CLANG_WARN_INFINITE_RECURSION = YES;
				CLANG_WARN_INT_CONVERSION = YES;
				CLANG_WARN_NON_LITERAL_NULL_CONVERSION = YES;
				CLANG_WARN_OBJC_IMPLICIT_RETAIN_SELF = YES;
				CLANG_WARN_OBJC_LITERAL_CONVERSION = YES;
				CLANG_WARN_OBJC_ROOT_CLASS = YES_ERROR;
				CLANG_WARN_RANGE_LOOP_ANALYSIS = YES;
				CLANG_WARN_STRICT_PROTOTYPES = YES;
				CLANG_WARN_SUSPICIOUS_MOVE = YES;
				CLANG_WARN_UNGUARDED_AVAILABILITY = YES_AGGRESSIVE;
				CLANG_WARN_UNREACHABLE_CODE = YES;
				CLANG_WARN__DUPLICATE_METHOD_MATCH = YES;
				CODE_SIGN_IDENTITY = "-";
				COPY_PHASE_STRIP = NO;
				DEBUG_INFORMATION_FORMAT = "dwarf-with-dsym";
				ENABLE_NS_ASSERTIONS = NO;
				ENABLE_STRICT_OBJC_MSGSEND = YES;
				GCC_C_LANGUAGE_STANDARD = gnu11;
				GCC_NO_COMMON_BLOCKS = YES;
				GCC_WARN_64_TO_32_BIT_CONVERSION = YES;
				GCC_WARN_ABOUT_RETURN_TYPE = YES_ERROR;
				GCC_WARN_UNDECLARED_SELECTOR = YES;
				GCC_WARN_UNINITIALIZED_AUTOS = YES_AGGRESSIVE;
				GCC_WARN_UNUSED_FUNCTION = YES;
				GCC_WARN_UNUSED_VARIABLE = YES;
				MACOSX_DEPLOYMENT_TARGET = 10.13;
				MTL_ENABLE_DEBUG_INFO = NO;
				SDKROOT = macosx;
			};
			name = Release;
		};
		756CECC621FF5C74008A1819 /* Debug */ = {
			isa = XCBuildConfiguration;
			buildSettings = {
				CODE_SIGN_STYLE = Automatic;
				PRODUCT_NAME = "$(TARGET_NAME)";
			};
			name = Debug;
		};
		756CECC721FF5C74008A1819 /* Release */ = {
			isa = XCBuildConfiguration;
			buildSettings = {
				CODE_SIGN_STYLE = Automatic;
				PRODUCT_NAME = "$(TARGET_NAME)";
			};
			name = Release;
		};
/* End XCBuildConfiguration section */

/* Begin XCConfigurationList section */
		756CECB921FF5C74008A1819 /* Build configuration list for PBXProject "DataStructures" */ = {
			isa = XCConfigurationList;
			buildConfigurations = (
				756CECC321FF5C74008A1819 /* Debug */,
				756CECC421FF5C74008A1819 /* Release */,
			);
			defaultConfigurationIsVisible = 0;
			defaultConfigurationName = Release;
		};
		756CECC521FF5C74008A1819 /* Build configuration list for PBXNativeTarget "DataStructures" */ = {
			isa = XCConfigurationList;
			buildConfigurations = (
				756CECC621FF5C74008A1819 /* Debug */,
				756CECC721FF5C74008A1819 /* Release */,
			);
			defaultConfigurationIsVisible = 0;
			defaultConfigurationName = Release;
		};
/* End XCConfigurationList section */
	};
	rootObject = 756CECB621FF5C74008A1819 /* Project object */;
}
